
Microsoft Visual Studio Solution File, Format Version 12.00
# Visual Studio Version 17
VisualStudioVersion = 17.5.33502.453
MinimumVisualStudioVersion = 10.0.40219.1
Project("{9A19103F-16F7-4668-BE54-9A1E7A4F7556}") = "CarRacingSimulator", "CarRacingSimulator.csproj", "{BE16E9D8-F691-47F3-8260-061672F2785D}"
EndProject
Global
	GlobalSection(SolutionConfigurationPlatforms) = preSolution
		Debug|Any CPU = Debug|Any CPU
		Release|Any CPU = Release|Any CPU
	EndGlobalSection
	GlobalSection(ProjectConfigurationPlatforms) = postSolution
		{BE16E9D8-F691-47F3-8260-061672F2785D}.Debug|Any CPU.ActiveCfg = Debug|Any CPU
		{BE16E9D8-F691-47F3-8260-061672F2785D}.Debug|Any CPU.Build.0 = Debug|Any CPU
		{BE16E9D8-F691-47F3-8260-061672F2785D}.Release|Any CPU.ActiveCfg = Release|Any CPU
		{BE16E9D8-F691-47F3-8260-061672F2785D}.Release|Any CPU.Build.0 = Release|Any CPU
	EndGlobalSection
	GlobalSection(SolutionProperties) = preSolution
		HideSolutionNode = FALSE
	EndGlobalSection
	GlobalSection(ExtensibilityGlobals) = postSolution
		SolutionGuid = {85854ADA-351A-4CA2-863D-BA37CEB31EAF}
	EndGlobalSection
EndGlobal
